{
  "name": "kraken-api-js",
  "version": "1.1.1",
  "lockfileVersion": 1,
  "requires": true,
  "dependencies": {
    "@types/node": {
      "version": "12.12.5",
      "resolved": "https://registry.npmjs.org/@types/node/-/node-12.12.5.tgz",
      "integrity": "sha512-KEjODidV4XYUlJBF3XdjSH5FWoMCtO0utnhtdLf1AgeuZLOrRbvmU/gaRCVg7ZaQDjVf3l84egiY0mRNe5xE4A==",
      "dev": true
    },
    "@types/node-fetch": {
      "version": "2.5.3",
      "resolved": "https://registry.npmjs.org/@types/node-fetch/-/node-fetch-2.5.3.tgz",
      "integrity": "sha512-X3TNlzZ7SuSwZsMkb5fV7GrPbVKvHc2iwHmslb8bIxRKWg2iqkfm3F/Wd79RhDpOXR7wCtKAwc5Y2JE6n/ibyw==",
      "dev": true,
      "requires": {
        "@types/node": "*"
      }
    },
    "@types/qs": {
      "version": "6.5.3",
      "resolved": "https://registry.npmjs.org/@types/qs/-/qs-6.5.3.tgz",
      "integrity": "sha512-Jugo5V/1bS0fRhy2z8+cUAHEyWOATaz4rbyLVvcFs7+dXp5HfwpEwzF1Q11bB10ApUqHf+yTauxI0UXQDwGrbA==",
      "dev": true
    },
    "node-fetch": {
      "version": "2.6.1",
      "resolved": "https://registry.npmjs.org/node-fetch/-/node-fetch-2.6.1.tgz",
      "integrity": "sha512-V4aYg89jEoVRxRb2fJdAg8FHvI7cEyYdVAh94HH0UIK8oJxUfkjlDQN9RbMx+bEjP7+ggMiFRprSti032Oipxw=="
    },
    "qs": {
      "version": "6.9.7",
      "resolved": "https://registry.npmjs.org/qs/-/qs-6.9.7.tgz",
      "integrity": "sha512-IhMFgUmuNpyRfxA90umL7ByLlgRXu6tIfKPpF5TmcfRLlLCckfP/g3IQmju6jjpu+Hh8rA+2p6A27ZSPOOHdKw=="
    }
  }
}
